
Microsoft Visual Studio Solution File, Format Version 12.00
# Visual Studio Version 16
VisualStudioVersion = 16.0.30717.126
MinimumVisualStudioVersion = 10.0.40219.1
Project("{FAE04EC0-301F-11D3-BF4B-00C04F79EFBC}") = "hfcu_trefren", "hfcu_trefren\hfcu_trefren.csproj", "{2621FDBD-0B7B-40A5-B822-12C1507D4495}"
EndProject
Global
	GlobalSection(SolutionConfigurationPlatforms) = preSolution
		Debug|Any CPU = Debug|Any CPU
		Release|Any CPU = Release|Any CPU
	EndGlobalSection
	GlobalSection(ProjectConfigurationPlatforms) = postSolution
		{2621FDBD-0B7B-40A5-B822-12C1507D4495}.Debug|Any CPU.ActiveCfg = Debug|Any CPU
		{2621FDBD-0B7B-40A5-B822-12C1507D4495}.Debug|Any CPU.Build.0 = Debug|Any CPU
		{2621FDBD-0B7B-40A5-B822-12C1507D4495}.Release|Any CPU.ActiveCfg = Release|Any CPU
		{2621FDBD-0B7B-40A5-B822-12C1507D4495}.Release|Any CPU.Build.0 = Release|Any CPU
	EndGlobalSection
	GlobalSection(SolutionProperties) = preSolution
		HideSolutionNode = FALSE
	EndGlobalSection
	GlobalSection(ExtensibilityGlobals) = postSolution
		SolutionGuid = {7BA36706-12C1-480B-AAC4-2631269004D3}
	EndGlobalSection
EndGlobal
